
Microsoft Visual Studio Solution File, Format Version 12.00
# Visual Studio 14
VisualStudioVersion = 14.0.23107.0
MinimumVisualStudioVersion = 10.0.40219.1
Project("{FAE04EC0-301F-11D3-BF4B-00C04F79EFBC}") = "ITU.RefereeAssistant.Consolka", "ITU.RefereeAssistant.Consolka\ITU.RefereeAssistant.Consolka.csproj", "{B8410259-CCFF-432C-A760-CAB898512D18}"
EndProject
Project("{FAE04EC0-301F-11D3-BF4B-00C04F79EFBC}") = "ITU.RefereeAssistant.Domain", "ITU.RefereeAssistant.Domain\ITU.RefereeAssistant.Domain.csproj", "{3B37088D-5D12-4909-AF15-AE572CA15987}"
EndProject
Project("{FAE04EC0-301F-11D3-BF4B-00C04F79EFBC}") = "ITU.RefereeAssistant.BL", "ITU.RefereeAssistant.BL\ITU.RefereeAssistant.BL.csproj", "{D6D1DB52-67F7-445B-ABBE-5B70F2382C65}"
EndProject
Global
	GlobalSection(SolutionConfigurationPlatforms) = preSolution
		Debug|Any CPU = Debug|Any CPU
		Release|Any CPU = Release|Any CPU
	EndGlobalSection
	GlobalSection(ProjectConfigurationPlatforms) = postSolution
		{B8410259-CCFF-432C-A760-CAB898512D18}.Debug|Any CPU.ActiveCfg = Debug|Any CPU
		{B8410259-CCFF-432C-A760-CAB898512D18}.Debug|Any CPU.Build.0 = Debug|Any CPU
		{B8410259-CCFF-432C-A760-CAB898512D18}.Release|Any CPU.ActiveCfg = Release|Any CPU
		{B8410259-CCFF-432C-A760-CAB898512D18}.Release|Any CPU.Build.0 = Release|Any CPU
		{3B37088D-5D12-4909-AF15-AE572CA15987}.Debug|Any CPU.ActiveCfg = Debug|Any CPU
		{3B37088D-5D12-4909-AF15-AE572CA15987}.Debug|Any CPU.Build.0 = Debug|Any CPU
		{3B37088D-5D12-4909-AF15-AE572CA15987}.Release|Any CPU.ActiveCfg = Release|Any CPU
		{3B37088D-5D12-4909-AF15-AE572CA15987}.Release|Any CPU.Build.0 = Release|Any CPU
		{D6D1DB52-67F7-445B-ABBE-5B70F2382C65}.Debug|Any CPU.ActiveCfg = Debug|Any CPU
		{D6D1DB52-67F7-445B-ABBE-5B70F2382C65}.Debug|Any CPU.Build.0 = Debug|Any CPU
		{D6D1DB52-67F7-445B-ABBE-5B70F2382C65}.Release|Any CPU.ActiveCfg = Release|Any CPU
		{D6D1DB52-67F7-445B-ABBE-5B70F2382C65}.Release|Any CPU.Build.0 = Release|Any CPU
	EndGlobalSection
	GlobalSection(SolutionProperties) = preSolution
		HideSolutionNode = FALSE
	EndGlobalSection
EndGlobal
